
Microsoft Visual Studio Solution File, Format Version 12.00
# Visual Studio 15
VisualStudioVersion = 15.0.28307.572
MinimumVisualStudioVersion = 10.0.40219.1
Project("{FAE04EC0-301F-11D3-BF4B-00C04F79EFBC}") = "VoiceBot", "VoiceBot\VoiceBot.csproj", "{0E7DCA0A-C895-4B21-86E0-655471A04A49}"
EndProject
Global
	GlobalSection(SolutionConfigurationPlatforms) = preSolution
		Debug|Any CPU = Debug|Any CPU
		Release|Any CPU = Release|Any CPU
	EndGlobalSection
	GlobalSection(ProjectConfigurationPlatforms) = postSolution
		{0E7DCA0A-C895-4B21-86E0-655471A04A49}.Debug|Any CPU.ActiveCfg = Debug|Any CPU
		{0E7DCA0A-C895-4B21-86E0-655471A04A49}.Debug|Any CPU.Build.0 = Debug|Any CPU
		{0E7DCA0A-C895-4B21-86E0-655471A04A49}.Release|Any CPU.ActiveCfg = Release|Any CPU
		{0E7DCA0A-C895-4B21-86E0-655471A04A49}.Release|Any CPU.Build.0 = Release|Any CPU
	EndGlobalSection
	GlobalSection(SolutionProperties) = preSolution
		HideSolutionNode = FALSE
	EndGlobalSection
	GlobalSection(ExtensibilityGlobals) = postSolution
		SolutionGuid = {22246ABF-2436-4C4D-903F-97BFCC6303B7}
	EndGlobalSection
EndGlobal
